
Microsoft Visual Studio Solution File, Format Version 12.00
# Visual Studio Version 16
VisualStudioVersion = 16.0.31005.135
MinimumVisualStudioVersion = 10.0.40219.1
Project("{FAE04EC0-301F-11D3-BF4B-00C04F79EFBC}") = "desafio-elixir-stone", "desafio-elixir-stone.csproj", "{6BF165BD-D824-455C-98C7-A2B1F0559544}"
EndProject
Global
	GlobalSection(SolutionConfigurationPlatforms) = preSolution
		Debug|Any CPU = Debug|Any CPU
		Release|Any CPU = Release|Any CPU
	EndGlobalSection
	GlobalSection(ProjectConfigurationPlatforms) = postSolution
		{6BF165BD-D824-455C-98C7-A2B1F0559544}.Debug|Any CPU.ActiveCfg = Debug|Any CPU
		{6BF165BD-D824-455C-98C7-A2B1F0559544}.Debug|Any CPU.Build.0 = Debug|Any CPU
		{6BF165BD-D824-455C-98C7-A2B1F0559544}.Release|Any CPU.ActiveCfg = Release|Any CPU
		{6BF165BD-D824-455C-98C7-A2B1F0559544}.Release|Any CPU.Build.0 = Release|Any CPU
	EndGlobalSection
	GlobalSection(SolutionProperties) = preSolution
		HideSolutionNode = FALSE
	EndGlobalSection
	GlobalSection(ExtensibilityGlobals) = postSolution
		SolutionGuid = {8D3CDCFA-FBE0-4D51-9509-B212AD572AD1}
	EndGlobalSection
EndGlobal
